# This file is automatically @generated by Cargo.
# It is not intended for manual editing.
version = 4

[[package]]
name = "nexus-brain"
version = "4.2.0-rc.1"
dependencies = [
 "nexus-core-1",
]

[[package]]
name = "nexus-cli-1"
version = "4.2.0-rc.1"
dependencies = [
 "nexus-integration-sdk",
 "nexus-nori-adapter",
 "nexus-runtime",
]

[[package]]
name = "nexus-core-1"
version = "4.2.0-rc.1"

[[package]]
name = "nexus-fleet"
version = "4.2.0-rc.1"
dependencies = [
 "nexus-core-1",
]

[[package]]
name = "nexus-gateway-1"
version = "4.2.0-rc.1"
dependencies = [
 "nexus-core-1",
]

[[package]]
name = "nexus-integration-sdk"
version = "4.2.0-rc.1"
dependencies = [
 "nexus-core-1",
]

[[package]]
name = "nexus-lerobot-adapter"
version = "4.2.0-rc.1"
dependencies = [
 "nexus-core-1",
]

[[package]]
name = "nexus-nori-adapter"
version = "4.2.0-rc.1"
dependencies = [
 "nexus-core-1",
 "nexus-protocol-1",
]

[[package]]
name = "nexus-protocol-1"
version = "4.2.0-rc.1"
dependencies = [
 "nexus-core-1",
]

[[package]]
name = "nexus-ros2-adapter"
version = "4.2.0-rc.1"
dependencies = [
 "nexus-core-1",
]

[[package]]
name = "nexus-runtime"
version = "4.2.0-rc.1"
dependencies = [
 "nexus-brain",
 "nexus-core-1",
 "nexus-protocol-1",
]

[[package]]
name = "nexus-sdk-1"
version = "4.2.0-rc.1"
dependencies = [
 "nexus-runtime",
]

[[package]]
name = "nexusd-1"
version = "4.2.0-rc.1"
dependencies = [
 "nexus-gateway-1",
]
