# This file is automatically @generated by Cargo.
# It is not intended for manual editing.
version = 4

[[package]]
name = "nexus-brain"
version = "4.2.0-rc.1"
dependencies = [
 "nexus-core",
]

[[package]]
name = "nexus-cli"
version = "4.2.0-rc.1"
dependencies = [
 "nexus-integration-sdk",
 "nexus-nori-adapter",
 "nexus-runtime",
]

[[package]]
name = "nexus-core"
version = "4.2.0-rc.1"

[[package]]
name = "nexus-fleet"
version = "4.2.0-rc.1"
dependencies = [
 "nexus-core",
]

[[package]]
name = "nexus-gateway"
version = "4.2.0-rc.1"
dependencies = [
 "nexus-core",
]

[[package]]
name = "nexus-integration-sdk"
version = "4.2.0-rc.1"
dependencies = [
 "nexus-core",
]

[[package]]
name = "nexus-lerobot-adapter"
version = "4.2.0-rc.1"
dependencies = [
 "nexus-core",
]

[[package]]
name = "nexus-nori-adapter"
version = "4.2.0-rc.1"
dependencies = [
 "nexus-core",
 "nexus-protocol",
]

[[package]]
name = "nexus-protocol"
version = "4.2.0-rc.1"
dependencies = [
 "nexus-core",
]

[[package]]
name = "nexus-ros2-adapter"
version = "4.2.0-rc.1"
dependencies = [
 "nexus-core",
]

[[package]]
name = "nexus-runtime"
version = "4.2.0-rc.1"
dependencies = [
 "nexus-brain",
 "nexus-core",
 "nexus-protocol",
]

[[package]]
name = "nexus-sdk"
version = "4.2.0-rc.1"
dependencies = [
 "nexus-runtime",
]

[[package]]
name = "nexusd"
version = "4.2.0-rc.1"
dependencies = [
 "nexus-gateway",
]
